
Microsoft Visual Studio Solution File, Format Version 12.00
# Visual Studio Version 17
VisualStudioVersion = 17.4.33110.190
MinimumVisualStudioVersion = 10.0.40219.1
Project("{FAE04EC0-301F-11D3-BF4B-00C04F79EFBC}") = "Calculator", "Calculator\Calculator.csproj", "{69F1B5DF-6D7C-47E0-8142-CE5FA5F6E7EE}"
EndProject
Global
	GlobalSection(SolutionConfigurationPlatforms) = preSolution
		Debug|Any CPU = Debug|Any CPU
		Release|Any CPU = Release|Any CPU
	EndGlobalSection
	GlobalSection(ProjectConfigurationPlatforms) = postSolution
		{69F1B5DF-6D7C-47E0-8142-CE5FA5F6E7EE}.Debug|Any CPU.ActiveCfg = Debug|Any CPU
		{69F1B5DF-6D7C-47E0-8142-CE5FA5F6E7EE}.Debug|Any CPU.Build.0 = Debug|Any CPU
		{69F1B5DF-6D7C-47E0-8142-CE5FA5F6E7EE}.Release|Any CPU.ActiveCfg = Release|Any CPU
		{69F1B5DF-6D7C-47E0-8142-CE5FA5F6E7EE}.Release|Any CPU.Build.0 = Release|Any CPU
	EndGlobalSection
	GlobalSection(SolutionProperties) = preSolution
		HideSolutionNode = FALSE
	EndGlobalSection
	GlobalSection(ExtensibilityGlobals) = postSolution
		SolutionGuid = {D0C70A98-18E4-4B7A-924E-BE9E872E334E}
	EndGlobalSection
EndGlobal
